dependencies:
- name: body-based-routing
  repository: ""
  version: 0.1.0
- name: keda-kaito-scaler
  repository: ""
  version: 0.5.1
- name: llm-gateway-apikey
  repository: oci://mcr.microsoft.com/aks/kaito/helm
  version: 0.0.11-alpha
digest: sha256:9cbc31e446d9ac8e19f5dff91ca60b2b5ad3e495b3d67e73b981f034d2bd2ce4
generated: "2026-06-17T15:36:54.34743639+10:00"
