dependencies:
- name: body-based-routing
  repository: ""
  version: 0.1.0
- name: keda-kaito-scaler
  repository: ""
  version: 0.5.1
- name: gpu-node-mocker
  repository: file://../gpu-node-mocker
  version: 0.2.1
- name: llm-gateway-apikey
  repository: oci://mcr.microsoft.com/aks/kaito/helm
  version: 0.0.12-alpha
digest: sha256:9401c247050dbb889fabd8a3217d2d1af020b90033c0f7354e87bb99a72b60ef
generated: "2026-06-26T15:08:22.870798+10:00"
